// !$*UTF8*$!
{
	archiveVersion = 1;
	classes = {
	};
	objectVersion = 77;
	objects = {

/* Begin PBXBuildFile section */
		8221E3002DC35CF80092469D /* WidgetKit.framework in Frameworks */ = {isa = PBXBuildFile; fileRef = 8221E2FF2DC35CF80092469D /* WidgetKit.framework */; };
		8221E3022DC35CF80092469D /* SwiftUI.framework in Frameworks */ = {isa = PBXBuildFile; fileRef = 8221E3012DC35CF80092469D /* SwiftUI.framework */; };
		8221E30D2DC35CF90092469D /* poporazziWidgetExtension.appex in Embed Foundation Extensions */ = {isa = PBXBuildFile; fileRef = 8221E2FD2DC35CF80092469D /* poporazziWidgetExtension.appex */; settings = {ATTRIBUTES = (RemoveHeadersOnCopy, ); }; };
		8273A72E2D9FC4F4008DD144 /* PinLayout in Frameworks */ = {isa = PBXBuildFile; productRef = 8273A72D2D9FC4F4008DD144 /* PinLayout */; };
		8273A7312D9FC4FE008DD144 /* FlexLayout in Frameworks */ = {isa = PBXBuildFile; productRef = 8273A7302D9FC4FE008DD144 /* FlexLayout */; };
		8273A7342D9FC590008DD144 /* RxCocoa in Frameworks */ = {isa = PBXBuildFile; productRef = 8273A7332D9FC590008DD144 /* RxCocoa */; };
		8273A7362D9FC590008DD144 /* RxSwift in Frameworks */ = {isa = PBXBuildFile; productRef = 8273A7352D9FC590008DD144 /* RxSwift */; };
/* End PBXBuildFile section */

/* Begin PBXContainerItemProxy section */
		8221E30B2DC35CF90092469D /* PBXContainerItemProxy */ = {
			isa = PBXContainerItemProxy;
			containerPortal = 823259342D9FBF4800CFC860 /* Project object */;
			proxyType = 1;
			remoteGlobalIDString = 8221E2FC2DC35CF80092469D;
			remoteInfo = poporazziWidgetExtension;
		};
/* End PBXContainerItemProxy section */

/* Begin PBXCopyFilesBuildPhase section */
		8221E30E2DC35CF90092469D /* Embed Foundation Extensions */ = {
			isa = PBXCopyFilesBuildPhase;
			buildActionMask = 2147483647;
			dstPath = "";
			dstSubfolderSpec = 13;
			files = (
				8221E30D2DC35CF90092469D /* poporazziWidgetExtension.appex in Embed Foundation Extensions */,
			);
			name = "Embed Foundation Extensions";
			runOnlyForDeploymentPostprocessing = 0;
		};
/* End PBXCopyFilesBuildPhase section */

/* Begin PBXFileReference section */
		8221E2FD2DC35CF80092469D /* poporazziWidgetExtension.appex */ = {isa = PBXFileReference; explicitFileType = "wrapper.app-extension"; includeInIndex = 0; path = poporazziWidgetExtension.appex; sourceTree = BUILT_PRODUCTS_DIR; };
		8221E2FF2DC35CF80092469D /* WidgetKit.framework */ = {isa = PBXFileReference; lastKnownFileType = wrapper.framework; name = WidgetKit.framework; path = System/Library/Frameworks/WidgetKit.framework; sourceTree = SDKROOT; };
		8221E3012DC35CF80092469D /* SwiftUI.framework */ = {isa = PBXFileReference; lastKnownFileType = wrapper.framework; name = SwiftUI.framework; path = System/Library/Frameworks/SwiftUI.framework; sourceTree = SDKROOT; };
		8232593C2D9FBF4800CFC860 /* poporazzi.app */ = {isa = PBXFileReference; explicitFileType = wrapper.application; includeInIndex = 0; path = poporazzi.app; sourceTree = BUILT_PRODUCTS_DIR; };
/* End PBXFileReference section */

/* Begin PBXFileSystemSynchronizedBuildFileExceptionSet section */
		8221E3122DC35CF90092469D /* Exceptions for "poporazziWidget" folder in "poporazziWidgetExtension" target */ = {
			isa = PBXFileSystemSynchronizedBuildFileExceptionSet;
			membershipExceptions = (
				Info.plist,
			);
			target = 8221E2FC2DC35CF80092469D /* poporazziWidgetExtension */;
		};
		8232594E2D9FBF4900CFC860 /* Exceptions for "poporazzi" folder in "poporazzi" target */ = {
			isa = PBXFileSystemSynchronizedBuildFileExceptionSet;
			membershipExceptions = (
				Info.plist,
			);
			target = 8232593B2D9FBF4800CFC860 /* poporazzi */;
		};
/* End PBXFileSystemSynchronizedBuildFileExceptionSet section */

/* Begin PBXFileSystemSynchronizedRootGroup section */
		8221E3032DC35CF80092469D /* poporazziWidget */ = {
			isa = PBXFileSystemSynchronizedRootGroup;
			exceptions = (
				8221E3122DC35CF90092469D /* Exceptions for "poporazziWidget" folder in "poporazziWidgetExtension" target */,
			);
			path = poporazziWidget;
			sourceTree = "<group>";
		};
		8232593E2D9FBF4800CFC860 /* poporazzi */ = {
			isa = PBXFileSystemSynchronizedRootGroup;
			exceptions = (
				8232594E2D9FBF4900CFC860 /* Exceptions for "poporazzi" folder in "poporazzi" target */,
			);
			path = poporazzi;
			sourceTree = "<group>";
		};
/* End PBXFileSystemSynchronizedRootGroup section */

/* Begin PBXFrameworksBuildPhase section */
		8221E2FA2DC35CF80092469D /* Frameworks */ = {
			isa = PBXFrameworksBuildPhase;
			buildActionMask = 2147483647;
			files = (
				8221E3022DC35CF80092469D /* SwiftUI.framework in Frameworks */,
				8221E3002DC35CF80092469D /* WidgetKit.framework in Frameworks */,
			);
			runOnlyForDeploymentPostprocessing = 0;
		};
		823259392D9FBF4800CFC860 /* Frameworks */ = {
			isa = PBXFrameworksBuildPhase;
			buildActionMask = 2147483647;
			files = (
				8273A7342D9FC590008DD144 /* RxCocoa in Frameworks */,
				8273A72E2D9FC4F4008DD144 /* PinLayout in Frameworks */,
				8273A7362D9FC590008DD144 /* RxSwift in Frameworks */,
				8273A7312D9FC4FE008DD144 /* FlexLayout in Frameworks */,
			);
			runOnlyForDeploymentPostprocessing = 0;
		};
/* End PBXFrameworksBuildPhase section */

/* Begin PBXGroup section */
		8221E2FE2DC35CF80092469D /* Frameworks */ = {
			isa = PBXGroup;
			children = (
				8221E2FF2DC35CF80092469D /* WidgetKit.framework */,
				8221E3012DC35CF80092469D /* SwiftUI.framework */,
			);
			name = Frameworks;
			sourceTree = "<group>";
		};
		823259332D9FBF4800CFC860 = {
			isa = PBXGroup;
			children = (
				8232593E2D9FBF4800CFC860 /* poporazzi */,
				8221E3032DC35CF80092469D /* poporazziWidget */,
				8221E2FE2DC35CF80092469D /* Frameworks */,
				8232593D2D9FBF4800CFC860 /* Products */,
			);
			sourceTree = "<group>";
		};
		8232593D2D9FBF4800CFC860 /* Products */ = {
			isa = PBXGroup;
			children = (
				8232593C2D9FBF4800CFC860 /* poporazzi.app */,
				8221E2FD2DC35CF80092469D /* poporazziWidgetExtension.appex */,
			);
			name = Products;
			sourceTree = "<group>";
		};
/* End PBXGroup section */

/* Begin PBXNativeTarget section */
		8221E2FC2DC35CF80092469D /* poporazziWidgetExtension */ = {
			isa = PBXNativeTarget;
			buildConfigurationList = 8221E3112DC35CF90092469D /* Build configuration list for PBXNativeTarget "poporazziWidgetExtension" */;
			buildPhases = (
				8221E2F92DC35CF80092469D /* Sources */,
				8221E2FA2DC35CF80092469D /* Frameworks */,
				8221E2FB2DC35CF80092469D /* Resources */,
			);
			buildRules = (
			);
			dependencies = (
			);
			fileSystemSynchronizedGroups = (
				8221E3032DC35CF80092469D /* poporazziWidget */,
			);
			name = poporazziWidgetExtension;
			packageProductDependencies = (
			);
			productName = poporazziWidgetExtension;
			productReference = 8221E2FD2DC35CF80092469D /* poporazziWidgetExtension.appex */;
			productType = "com.apple.product-type.app-extension";
		};
		8232593B2D9FBF4800CFC860 /* poporazzi */ = {
			isa = PBXNativeTarget;
			buildConfigurationList = 8232594F2D9FBF4900CFC860 /* Build configuration list for PBXNativeTarget "poporazzi" */;
			buildPhases = (
				823259382D9FBF4800CFC860 /* Sources */,
				823259392D9FBF4800CFC860 /* Frameworks */,
				8232593A2D9FBF4800CFC860 /* Resources */,
				8221E30E2DC35CF90092469D /* Embed Foundation Extensions */,
			);
			buildRules = (
			);
			dependencies = (
				8221E30C2DC35CF90092469D /* PBXTargetDependency */,
			);
			fileSystemSynchronizedGroups = (
				8232593E2D9FBF4800CFC860 /* poporazzi */,
			);
			name = poporazzi;
			packageProductDependencies = (
				8273A72D2D9FC4F4008DD144 /* PinLayout */,
				8273A7302D9FC4FE008DD144 /* FlexLayout */,
				8273A7332D9FC590008DD144 /* RxCocoa */,
				8273A7352D9FC590008DD144 /* RxSwift */,
			);
			productName = poporazzi;
			productReference = 8232593C2D9FBF4800CFC860 /* poporazzi.app */;
			productType = "com.apple.product-type.application";
		};
/* End PBXNativeTarget section */

/* Begin PBXProject section */
		823259342D9FBF4800CFC860 /* Project object */ = {
			isa = PBXProject;
			attributes = {
				BuildIndependentTargetsInParallel = 1;
				LastSwiftUpdateCheck = 1620;
				LastUpgradeCheck = 1620;
				TargetAttributes = {
					8221E2FC2DC35CF80092469D = {
						CreatedOnToolsVersion = 16.2;
					};
					8232593B2D9FBF4800CFC860 = {
						CreatedOnToolsVersion = 16.2;
					};
				};
			};
			buildConfigurationList = 823259372D9FBF4800CFC860 /* Build configuration list for PBXProject "poporazzi" */;
			developmentRegion = en;
			hasScannedForEncodings = 0;
			knownRegions = (
				en,
				Base,
			);
			mainGroup = 823259332D9FBF4800CFC860;
			minimizedProjectReferenceProxies = 1;
			packageReferences = (
				8273A72C2D9FC4F4008DD144 /* XCRemoteSwiftPackageReference "PinLayout" */,
				8273A72F2D9FC4FE008DD144 /* XCRemoteSwiftPackageReference "FlexLayout" */,
				8273A7322D9FC590008DD144 /* XCRemoteSwiftPackageReference "RxSwift" */,
			);
			preferredProjectObjectVersion = 77;
			productRefGroup = 8232593D2D9FBF4800CFC860 /* Products */;
			projectDirPath = "";
			projectRoot = "";
			targets = (
				8232593B2D9FBF4800CFC860 /* poporazzi */,
				8221E2FC2DC35CF80092469D /* poporazziWidgetExtension */,
			);
		};
/* End PBXProject section */

/* Begin PBXResourcesBuildPhase section */
		8221E2FB2DC35CF80092469D /* Resources */ = {
			isa = PBXResourcesBuildPhase;
			buildActionMask = 2147483647;
			files = (
			);
			runOnlyForDeploymentPostprocessing = 0;
		};
		8232593A2D9FBF4800CFC860 /* Resources */ = {
			isa = PBXResourcesBuildPhase;
			buildActionMask = 2147483647;
			files = (
			);
			runOnlyForDeploymentPostprocessing = 0;
		};
/* End PBXResourcesBuildPhase section */

/* Begin PBXSourcesBuildPhase section */
		8221E2F92DC35CF80092469D /* Sources */ = {
			isa = PBXSourcesBuildPhase;
			buildActionMask = 2147483647;
			files = (
			);
			runOnlyForDeploymentPostprocessing = 0;
		};
		823259382D9FBF4800CFC860 /* Sources */ = {
			isa = PBXSourcesBuildPhase;
			buildActionMask = 2147483647;
			files = (
			);
			runOnlyForDeploymentPostprocessing = 0;
		};
/* End PBXSourcesBuildPhase section */

/* Begin PBXTargetDependency section */
		8221E30C2DC35CF90092469D /* PBXTargetDependency */ = {
			isa = PBXTargetDependency;
			target = 8221E2FC2DC35CF80092469D /* poporazziWidgetExtension */;
			targetProxy = 8221E30B2DC35CF90092469D /* PBXContainerItemProxy */;
		};
/* End PBXTargetDependency section */

/* Begin XCBuildConfiguration section */
		8221E30F2DC35CF90092469D /* Debug */ = {
			isa = XCBuildConfiguration;
			buildSettings = {
				ASSETCATALOG_COMPILER_GLOBAL_ACCENT_COLOR_NAME = AccentColor;
				ASSETCATALOG_COMPILER_WIDGET_BACKGROUND_COLOR_NAME = WidgetBackground;
				CODE_SIGN_STYLE = Automatic;
				CURRENT_PROJECT_VERSION = 1;
				DEVELOPMENT_TEAM = 9XG4S4XZWN;
				GENERATE_INFOPLIST_FILE = YES;
				INFOPLIST_FILE = poporazziWidget/Info.plist;
				INFOPLIST_KEY_CFBundleDisplayName = poporazziWidget;
				INFOPLIST_KEY_NSHumanReadableCopyright = "";
				LD_RUNPATH_SEARCH_PATHS = (
					"$(inherited)",
					"@executable_path/Frameworks",
					"@executable_path/../../Frameworks",
				);
				MARKETING_VERSION = 1.0;
				PRODUCT_BUNDLE_IDENTIFIER = com.thinkyside.poporazzi.poporazziWidget;
				PRODUCT_NAME = "$(TARGET_NAME)";
				SKIP_INSTALL = YES;
				SWIFT_EMIT_LOC_STRINGS = YES;
				SWIFT_VERSION = 5.0;
				TARGETED_DEVICE_FAMILY = "1,2";
			};
			name = Debug;
		};
		8221E3102DC35CF90092469D /* Release */ = {
			isa = XCBuildConfiguration;
			buildSettings = {
				ASSETCATALOG_COMPILER_GLOBAL_ACCENT_COLOR_NAME = AccentColor;
				ASSETCATALOG_COMPILER_WIDGET_BACKGROUND_COLOR_NAME = WidgetBackground;
				CODE_SIGN_STYLE = Automatic;
				CURRENT_PROJECT_VERSION = 1;
				DEVELOPMENT_TEAM = 9XG4S4XZWN;
				GENERATE_INFOPLIST_FILE = YES;
				INFOPLIST_FILE = poporazziWidget/Info.plist;
				INFOPLIST_KEY_CFBundleDisplayName = poporazziWidget;
				INFOPLIST_KEY_NSHumanReadableCopyright = "";
				LD_RUNPATH_SEARCH_PATHS = (
					"$(inherited)",
					"@executable_path/Frameworks",
					"@executable_path/../../Frameworks",
				);
				MARKETING_VERSION = 1.0;
				PRODUCT_BUNDLE_IDENTIFIER = com.thinkyside.poporazzi.poporazziWidget;
				PRODUCT_NAME = "$(TARGET_NAME)";
				SKIP_INSTALL = YES;
				SWIFT_EMIT_LOC_STRINGS = YES;
				SWIFT_VERSION = 5.0;
				TARGETED_DEVICE_FAMILY = "1,2";
			};
			name = Release;
		};
		823259502D9FBF4900CFC860 /* Debug */ = {
			isa = XCBuildConfiguration;
			buildSettings = {
				ASSETCATALOG_COMPILER_APPICON_NAME = AppIcon;
				ASSETCATALOG_COMPILER_GLOBAL_ACCENT_COLOR_NAME = AccentColor;
				CODE_SIGN_STYLE = Automatic;
				CURRENT_PROJECT_VERSION = 2504301817;
				DEVELOPMENT_TEAM = 9XG4S4XZWN;
				GENERATE_INFOPLIST_FILE = YES;
				INFOPLIST_FILE = poporazzi/Info.plist;
				INFOPLIST_KEY_CFBundleDisplayName = poporazzi;
				INFOPLIST_KEY_LSApplicationCategoryType = "public.app-category.photography";
				INFOPLIST_KEY_NSPhotoLibraryUsageDescription = "기록을 시작한 날짜로부터 모든 최신 사진 및 동영상을 받아오고, 앨범에 저장하기 위한 접근 권한이 필요합니다.";
				INFOPLIST_KEY_UIApplicationSupportsIndirectInputEvents = YES;
				INFOPLIST_KEY_UILaunchStoryboardName = LaunchScreen;
				INFOPLIST_KEY_UIStatusBarStyle = UIStatusBarStyleLightContent;
				INFOPLIST_KEY_UISupportedInterfaceOrientations = UIInterfaceOrientationPortrait;
				INFOPLIST_KEY_UISupportedInterfaceOrientations_iPad = "UIInterfaceOrientationLandscapeLeft UIInterfaceOrientationLandscapeRight UIInterfaceOrientationPortrait UIInterfaceOrientationPortraitUpsideDown";
				IPHONEOS_DEPLOYMENT_TARGET = 16.0;
				LD_RUNPATH_SEARCH_PATHS = (
					"$(inherited)",
					"@executable_path/Frameworks",
				);
				MARKETING_VERSION = 1.1.0;
				PRODUCT_BUNDLE_IDENTIFIER = com.thinkyside.poporazzi;
				PRODUCT_NAME = "$(TARGET_NAME)";
				SUPPORTED_PLATFORMS = "iphoneos iphonesimulator";
				SUPPORTS_MACCATALYST = NO;
				SUPPORTS_MAC_DESIGNED_FOR_IPHONE_IPAD = NO;
				SUPPORTS_XR_DESIGNED_FOR_IPHONE_IPAD = NO;
				SWIFT_EMIT_LOC_STRINGS = YES;
				SWIFT_VERSION = 5.0;
				TARGETED_DEVICE_FAMILY = 1;
			};
			name = Debug;
		};
		823259512D9FBF4900CFC860 /* Release */ = {
			isa = XCBuildConfiguration;
			buildSettings = {
				ASSETCATALOG_COMPILER_APPICON_NAME = AppIcon;
				ASSETCATALOG_COMPILER_GLOBAL_ACCENT_COLOR_NAME = AccentColor;
				CODE_SIGN_STYLE = Automatic;
				CURRENT_PROJECT_VERSION = 2504301817;
				DEVELOPMENT_TEAM = 9XG4S4XZWN;
				GENERATE_INFOPLIST_FILE = YES;
				INFOPLIST_FILE = poporazzi/Info.plist;
				INFOPLIST_KEY_CFBundleDisplayName = poporazzi;
				INFOPLIST_KEY_LSApplicationCategoryType = "public.app-category.photography";
				INFOPLIST_KEY_NSPhotoLibraryUsageDescription = "기록을 시작한 날짜로부터 모든 최신 사진 및 동영상을 받아오고, 앨범에 저장하기 위한 접근 권한이 필요합니다.";
				INFOPLIST_KEY_UIApplicationSupportsIndirectInputEvents = YES;
				INFOPLIST_KEY_UILaunchStoryboardName = LaunchScreen;
				INFOPLIST_KEY_UIStatusBarStyle = UIStatusBarStyleLightContent;
				INFOPLIST_KEY_UISupportedInterfaceOrientations = UIInterfaceOrientationPortrait;
				INFOPLIST_KEY_UISupportedInterfaceOrientations_iPad = "UIInterfaceOrientationLandscapeLeft UIInterfaceOrientationLandscapeRight UIInterfaceOrientationPortrait UIInterfaceOrientationPortraitUpsideDown";
				IPHONEOS_DEPLOYMENT_TARGET = 16.0;
				LD_RUNPATH_SEARCH_PATHS = (
					"$(inherited)",
					"@executable_path/Frameworks",
				);
				MARKETING_VERSION = 1.1.0;
				PRODUCT_BUNDLE_IDENTIFIER = com.thinkyside.poporazzi;
				PRODUCT_NAME = "$(TARGET_NAME)";
				SUPPORTED_PLATFORMS = "iphoneos iphonesimulator";
				SUPPORTS_MACCATALYST = NO;
				SUPPORTS_MAC_DESIGNED_FOR_IPHONE_IPAD = NO;
				SUPPORTS_XR_DESIGNED_FOR_IPHONE_IPAD = NO;
				SWIFT_EMIT_LOC_STRINGS = YES;
				SWIFT_VERSION = 5.0;
				TARGETED_DEVICE_FAMILY = 1;
			};
			name = Release;
		};
		823259522D9FBF4900CFC860 /* Debug */ = {
			isa = XCBuildConfiguration;
			buildSettings = {
				ALWAYS_SEARCH_USER_PATHS = NO;
				ASSETCATALOG_COMPILER_GENERATE_SWIFT_ASSET_SYMBOL_EXTENSIONS = YES;
				CLANG_ANALYZER_NONNULL = YES;
				CLANG_ANALYZER_NUMBER_OBJECT_CONVERSION = YES_AGGRESSIVE;
				CLANG_CXX_LANGUAGE_STANDARD = "gnu++20";
				CLANG_ENABLE_MODULES = YES;
				CLANG_ENABLE_OBJC_ARC = YES;
				CLANG_ENABLE_OBJC_WEAK = YES;
				CLANG_WARN_BLOCK_CAPTURE_AUTORELEASING = YES;
				CLANG_WARN_BOOL_CONVERSION = YES;
				CLANG_WARN_COMMA = YES;
				CLANG_WARN_CONSTANT_CONVERSION = YES;
				CLANG_WARN_DEPRECATED_OBJC_IMPLEMENTATIONS = YES;
				CLANG_WARN_DIRECT_OBJC_ISA_USAGE = YES_ERROR;
				CLANG_WARN_DOCUMENTATION_COMMENTS = YES;
				CLANG_WARN_EMPTY_BODY = YES;
				CLANG_WARN_ENUM_CONVERSION = YES;
				CLANG_WARN_INFINITE_RECURSION = YES;
				CLANG_WARN_INT_CONVERSION = YES;
				CLANG_WARN_NON_LITERAL_NULL_CONVERSION = YES;
				CLANG_WARN_OBJC_IMPLICIT_RETAIN_SELF = YES;
				CLANG_WARN_OBJC_LITERAL_CONVERSION = YES;
				CLANG_WARN_OBJC_ROOT_CLASS = YES_ERROR;
				CLANG_WARN_QUOTED_INCLUDE_IN_FRAMEWORK_HEADER = YES;
				CLANG_WARN_RANGE_LOOP_ANALYSIS = YES;
				CLANG_WARN_STRICT_PROTOTYPES = YES;
				CLANG_WARN_SUSPICIOUS_MOVE = YES;
				CLANG_WARN_UNGUARDED_AVAILABILITY = YES_AGGRESSIVE;
				CLANG_WARN_UNREACHABLE_CODE = YES;
				CLANG_WARN__DUPLICATE_METHOD_MATCH = YES;
				COPY_PHASE_STRIP = NO;
				DEBUG_INFORMATION_FORMAT = dwarf;
				ENABLE_STRICT_OBJC_MSGSEND = YES;
				ENABLE_TESTABILITY = YES;
				ENABLE_USER_SCRIPT_SANDBOXING = YES;
				GCC_C_LANGUAGE_STANDARD = gnu17;
				GCC_DYNAMIC_NO_PIC = NO;
				GCC_NO_COMMON_BLOCKS = YES;
				GCC_OPTIMIZATION_LEVEL = 0;
				GCC_PREPROCESSOR_DEFINITIONS = (
					"DEBUG=1",
					"$(inherited)",
				);
				GCC_WARN_64_TO_32_BIT_CONVERSION = YES;
				GCC_WARN_ABOUT_RETURN_TYPE = YES_ERROR;
				GCC_WARN_UNDECLARED_SELECTOR = YES;
				GCC_WARN_UNINITIALIZED_AUTOS = YES_AGGRESSIVE;
				GCC_WARN_UNUSED_FUNCTION = YES;
				GCC_WARN_UNUSED_VARIABLE = YES;
				IPHONEOS_DEPLOYMENT_TARGET = 18.2;
				LOCALIZATION_PREFERS_STRING_CATALOGS = YES;
				MTL_ENABLE_DEBUG_INFO = INCLUDE_SOURCE;
				MTL_FAST_MATH = YES;
				ONLY_ACTIVE_ARCH = YES;
				SDKROOT = iphoneos;
				SWIFT_ACTIVE_COMPILATION_CONDITIONS = "DEBUG $(inherited)";
				SWIFT_OPTIMIZATION_LEVEL = "-Onone";
			};
			name = Debug;
		};
		823259532D9FBF4900CFC860 /* Release */ = {
			isa = XCBuildConfiguration;
			buildSettings = {
				ALWAYS_SEARCH_USER_PATHS = NO;
				ASSETCATALOG_COMPILER_GENERATE_SWIFT_ASSET_SYMBOL_EXTENSIONS = YES;
				CLANG_ANALYZER_NONNULL = YES;
				CLANG_ANALYZER_NUMBER_OBJECT_CONVERSION = YES_AGGRESSIVE;
				CLANG_CXX_LANGUAGE_STANDARD = "gnu++20";
				CLANG_ENABLE_MODULES = YES;
				CLANG_ENABLE_OBJC_ARC = YES;
				CLANG_ENABLE_OBJC_WEAK = YES;
				CLANG_WARN_BLOCK_CAPTURE_AUTORELEASING = YES;
				CLANG_WARN_BOOL_CONVERSION = YES;
				CLANG_WARN_COMMA = YES;
				CLANG_WARN_CONSTANT_CONVERSION = YES;
				CLANG_WARN_DEPRECATED_OBJC_IMPLEMENTATIONS = YES;
				CLANG_WARN_DIRECT_OBJC_ISA_USAGE = YES_ERROR;
				CLANG_WARN_DOCUMENTATION_COMMENTS = YES;
				CLANG_WARN_EMPTY_BODY = YES;
				CLANG_WARN_ENUM_CONVERSION = YES;
				CLANG_WARN_INFINITE_RECURSION = YES;
				CLANG_WARN_INT_CONVERSION = YES;
				CLANG_WARN_NON_LITERAL_NULL_CONVERSION = YES;
				CLANG_WARN_OBJC_IMPLICIT_RETAIN_SELF = YES;
				CLANG_WARN_OBJC_LITERAL_CONVERSION = YES;
				CLANG_WARN_OBJC_ROOT_CLASS = YES_ERROR;
				CLANG_WARN_QUOTED_INCLUDE_IN_FRAMEWORK_HEADER = YES;
				CLANG_WARN_RANGE_LOOP_ANALYSIS = YES;
				CLANG_WARN_STRICT_PROTOTYPES = YES;
				CLANG_WARN_SUSPICIOUS_MOVE = YES;
				CLANG_WARN_UNGUARDED_AVAILABILITY = YES_AGGRESSIVE;
				CLANG_WARN_UNREACHABLE_CODE = YES;
				CLANG_WARN__DUPLICATE_METHOD_MATCH = YES;
				COPY_PHASE_STRIP = NO;
				DEBUG_INFORMATION_FORMAT = "dwarf-with-dsym";
				ENABLE_NS_ASSERTIONS = NO;
				ENABLE_STRICT_OBJC_MSGSEND = YES;
				ENABLE_USER_SCRIPT_SANDBOXING = YES;
				GCC_C_LANGUAGE_STANDARD = gnu17;
				GCC_NO_COMMON_BLOCKS = YES;
				GCC_WARN_64_TO_32_BIT_CONVERSION = YES;
				GCC_WARN_ABOUT_RETURN_TYPE = YES_ERROR;
				GCC_WARN_UNDECLARED_SELECTOR = YES;
				GCC_WARN_UNINITIALIZED_AUTOS = YES_AGGRESSIVE;
				GCC_WARN_UNUSED_FUNCTION = YES;
				GCC_WARN_UNUSED_VARIABLE = YES;
				IPHONEOS_DEPLOYMENT_TARGET = 18.2;
				LOCALIZATION_PREFERS_STRING_CATALOGS = YES;
				MTL_ENABLE_DEBUG_INFO = NO;
				MTL_FAST_MATH = YES;
				SDKROOT = iphoneos;
				SWIFT_COMPILATION_MODE = wholemodule;
				VALIDATE_PRODUCT = YES;
			};
			name = Release;
		};
/* End XCBuildConfiguration section */

/* Begin XCConfigurationList section */
		8221E3112DC35CF90092469D /* Build configuration list for PBXNativeTarget "poporazziWidgetExtension" */ = {
			isa = XCConfigurationList;
			buildConfigurations = (
				8221E30F2DC35CF90092469D /* Debug */,
				8221E3102DC35CF90092469D /* Release */,
			);
			defaultConfigurationIsVisible = 0;
			defaultConfigurationName = Release;
		};
		823259372D9FBF4800CFC860 /* Build configuration list for PBXProject "poporazzi" */ = {
			isa = XCConfigurationList;
			buildConfigurations = (
				823259522D9FBF4900CFC860 /* Debug */,
				823259532D9FBF4900CFC860 /* Release */,
			);
			defaultConfigurationIsVisible = 0;
			defaultConfigurationName = Release;
		};
		8232594F2D9FBF4900CFC860 /* Build configuration list for PBXNativeTarget "poporazzi" */ = {
			isa = XCConfigurationList;
			buildConfigurations = (
				823259502D9FBF4900CFC860 /* Debug */,
				823259512D9FBF4900CFC860 /* Release */,
			);
			defaultConfigurationIsVisible = 0;
			defaultConfigurationName = Release;
		};
/* End XCConfigurationList section */

/* Begin XCRemoteSwiftPackageReference section */
		8273A72C2D9FC4F4008DD144 /* XCRemoteSwiftPackageReference "PinLayout" */ = {
			isa = XCRemoteSwiftPackageReference;
			repositoryURL = "https://github.com/layoutBox/PinLayout.git";
			requirement = {
				kind = upToNextMajorVersion;
				minimumVersion = 1.10.5;
			};
		};
		8273A72F2D9FC4FE008DD144 /* XCRemoteSwiftPackageReference "FlexLayout" */ = {
			isa = XCRemoteSwiftPackageReference;
			repositoryURL = "https://github.com/layoutBox/FlexLayout.git";
			requirement = {
				kind = upToNextMajorVersion;
				minimumVersion = 2.2.0;
			};
		};
		8273A7322D9FC590008DD144 /* XCRemoteSwiftPackageReference "RxSwift" */ = {
			isa = XCRemoteSwiftPackageReference;
			repositoryURL = "https://github.com/ReactiveX/RxSwift.git";
			requirement = {
				kind = upToNextMajorVersion;
				minimumVersion = 6.9.0;
			};
		};
/* End XCRemoteSwiftPackageReference section */

/* Begin XCSwiftPackageProductDependency section */
		8273A72D2D9FC4F4008DD144 /* PinLayout */ = {
			isa = XCSwiftPackageProductDependency;
			package = 8273A72C2D9FC4F4008DD144 /* XCRemoteSwiftPackageReference "PinLayout" */;
			productName = PinLayout;
		};
		8273A7302D9FC4FE008DD144 /* FlexLayout */ = {
			isa = XCSwiftPackageProductDependency;
			package = 8273A72F2D9FC4FE008DD144 /* XCRemoteSwiftPackageReference "FlexLayout" */;
			productName = FlexLayout;
		};
		8273A7332D9FC590008DD144 /* RxCocoa */ = {
			isa = XCSwiftPackageProductDependency;
			package = 8273A7322D9FC590008DD144 /* XCRemoteSwiftPackageReference "RxSwift" */;
			productName = RxCocoa;
		};
		8273A7352D9FC590008DD144 /* RxSwift */ = {
			isa = XCSwiftPackageProductDependency;
			package = 8273A7322D9FC590008DD144 /* XCRemoteSwiftPackageReference "RxSwift" */;
			productName = RxSwift;
		};
/* End XCSwiftPackageProductDependency section */
	};
	rootObject = 823259342D9FBF4800CFC860 /* Project object */;
}
